// !$*UTF8*$!
{
	archiveVersion = 1;
	classes = {
	};
	objectVersion = 56;
	objects = {

/* Begin PBXBuildFile section */
		3F10CC862ADE6882006F1C46 /* SettingsView.swift in Sources */ = {isa = PBXBuildFile; fileRef = 3F10CC852ADE6882006F1C46 /* SettingsView.swift */; };
		3F16A9FF2ADD3C630097B3A8 /* Date+Extensions.swift in Sources */ = {isa = PBXBuildFile; fileRef = 3F16A9FE2ADD3C630097B3A8 /* Date+Extensions.swift */; };
		3F16AA012ADD3CD40097B3A8 /* ChartView.swift in Sources */ = {isa = PBXBuildFile; fileRef = 3F16AA002ADD3CD40097B3A8 /* ChartView.swift */; };
		3F2392852AB1D3080099EC3D /* Double+Extensions.swift in Sources */ = {isa = PBXBuildFile; fileRef = 3F2392842AB1D3080099EC3D /* Double+Extensions.swift */; };
		3F2DB99E2ADBB4FF008852D0 /* CoinDetail.swift in Sources */ = {isa = PBXBuildFile; fileRef = 3F2DB99D2ADBB4FF008852D0 /* CoinDetail.swift */; };
		3F2DB9A02ADBB635008852D0 /* String+Extensions.swift in Sources */ = {isa = PBXBuildFile; fileRef = 3F2DB99F2ADBB635008852D0 /* String+Extensions.swift */; };
		3F2DB9A42ADBB90C008852D0 /* DetailViewModel.swift in Sources */ = {isa = PBXBuildFile; fileRef = 3F2DB9A32ADBB90C008852D0 /* DetailViewModel.swift */; };
		3F416CDE2AD57C4B00A76236 /* PortfolioView.swift in Sources */ = {isa = PBXBuildFile; fileRef = 3F416CDD2AD57C4B00A76236 /* PortfolioView.swift */; };
		3F416CE02AD57D5600A76236 /* XMarkButtonView.swift in Sources */ = {isa = PBXBuildFile; fileRef = 3F416CDF2AD57D5600A76236 /* XMarkButtonView.swift */; };
		3F416CE52AD586C000A76236 /* PortfolioCoinItemView.swift in Sources */ = {isa = PBXBuildFile; fileRef = 3F416CE42AD586C000A76236 /* PortfolioCoinItemView.swift */; };
		3F54A1BA2ADA6B29005337E9 /* DetailView.swift in Sources */ = {isa = PBXBuildFile; fileRef = 3F54A1B92ADA6B29005337E9 /* DetailView.swift */; };
		3F552EEF2AD5221D00AC9200 /* Statistic.swift in Sources */ = {isa = PBXBuildFile; fileRef = 3F552EEE2AD5221D00AC9200 /* Statistic.swift */; };
		3F552EF12AD5251500AC9200 /* StatisticView.swift in Sources */ = {isa = PBXBuildFile; fileRef = 3F552EF02AD5251500AC9200 /* StatisticView.swift */; };
		3F552EF42AD52BEE00AC9200 /* HomeStatsView.swift in Sources */ = {isa = PBXBuildFile; fileRef = 3F552EF32AD52BEE00AC9200 /* HomeStatsView.swift */; };
		3F552EF62AD54E1100AC9200 /* MarketData.swift in Sources */ = {isa = PBXBuildFile; fileRef = 3F552EF52AD54E1100AC9200 /* MarketData.swift */; };
		3F5D2B6B2AB0621D004E69B9 /* HomeView.swift in Sources */ = {isa = PBXBuildFile; fileRef = 3F5D2B6A2AB0621D004E69B9 /* HomeView.swift */; };
		3F5D2B6F2AB06881004E69B9 /* CircleButtonView.swift in Sources */ = {isa = PBXBuildFile; fileRef = 3F5D2B6E2AB06881004E69B9 /* CircleButtonView.swift */; };
		3F5D2B712AB071DF004E69B9 /* CircleButtonAnimationView.swift in Sources */ = {isa = PBXBuildFile; fileRef = 3F5D2B702AB071DF004E69B9 /* CircleButtonAnimationView.swift */; };
		3F5D2B742AB08BF5004E69B9 /* Coin.swift in Sources */ = {isa = PBXBuildFile; fileRef = 3F5D2B732AB08BF5004E69B9 /* Coin.swift */; };
		3F5D2B772AB092EE004E69B9 /* CoinRowView.swift in Sources */ = {isa = PBXBuildFile; fileRef = 3F5D2B762AB092EE004E69B9 /* CoinRowView.swift */; };
		3F5D2B792AB09311004E69B9 /* PreviewProvider+Extensions.swift in Sources */ = {isa = PBXBuildFile; fileRef = 3F5D2B782AB09311004E69B9 /* PreviewProvider+Extensions.swift */; };
		3F67D3082ACD4B88003EAFCD /* NetworkManager.swift in Sources */ = {isa = PBXBuildFile; fileRef = 3F67D3072ACD4B88003EAFCD /* NetworkManager.swift */; };
		3F77F8512ACE9CC800D06843 /* CoinImageView.swift in Sources */ = {isa = PBXBuildFile; fileRef = 3F77F8502ACE9CC700D06843 /* CoinImageView.swift */; };
		3F77F8532ACE9EC700D06843 /* CoinImageService.swift in Sources */ = {isa = PBXBuildFile; fileRef = 3F77F8522ACE9EC700D06843 /* CoinImageService.swift */; };
		3F77F8552ACEA50F00D06843 /* CoinImageViewModel.swift in Sources */ = {isa = PBXBuildFile; fileRef = 3F77F8542ACEA50F00D06843 /* CoinImageViewModel.swift */; };
		3FA13FBE2AD13D480015148D /* LocaleFileManager.swift in Sources */ = {isa = PBXBuildFile; fileRef = 3FA13FBD2AD13D480015148D /* LocaleFileManager.swift */; };
		3FC1E9BC2B57CB8C00AB9D73 /* ApiService.swift in Sources */ = {isa = PBXBuildFile; fileRef = 3FC1E9BB2B57CB8C00AB9D73 /* ApiService.swift */; };
		3FC2C10A2AAF4C700072DC76 /* CryptoAppApp.swift in Sources */ = {isa = PBXBuildFile; fileRef = 3FC2C1092AAF4C700072DC76 /* CryptoAppApp.swift */; };
		3FC2C10E2AAF4C740072DC76 /* Assets.xcassets in Resources */ = {isa = PBXBuildFile; fileRef = 3FC2C10D2AAF4C740072DC76 /* Assets.xcassets */; };
		3FC2C1112AAF4C740072DC76 /* Preview Assets.xcassets in Resources */ = {isa = PBXBuildFile; fileRef = 3FC2C1102AAF4C740072DC76 /* Preview Assets.xcassets */; };
		3FC2C1192AAF54C40072DC76 /* Color+Extensions.swift in Sources */ = {isa = PBXBuildFile; fileRef = 3FC2C1182AAF54C40072DC76 /* Color+Extensions.swift */; };
		3FC49D622AD7D9CA00B1C6C8 /* PortfolioContainer.xcdatamodeld in Sources */ = {isa = PBXBuildFile; fileRef = 3FC49D602AD7D9CA00B1C6C8 /* PortfolioContainer.xcdatamodeld */; };
		3FC49D642AD7D9FF00B1C6C8 /* PortfolioDataService.swift in Sources */ = {isa = PBXBuildFile; fileRef = 3FC49D632AD7D9FF00B1C6C8 /* PortfolioDataService.swift */; };
		3FD1413A2AB34BA30055916F /* HomeViewModel.swift in Sources */ = {isa = PBXBuildFile; fileRef = 3FD141392AB34BA30055916F /* HomeViewModel.swift */; };
		3FE52A982AD3CE9500A94A9D /* SearchBarView.swift in Sources */ = {isa = PBXBuildFile; fileRef = 3FE52A972AD3CE9500A94A9D /* SearchBarView.swift */; };
		3FE52A9A2AD3E0B200A94A9D /* UIApplication+Extensions.swift in Sources */ = {isa = PBXBuildFile; fileRef = 3FE52A992AD3E0B200A94A9D /* UIApplication+Extensions.swift */; };
/* End PBXBuildFile section */

/* Begin PBXFileReference section */
		3F10CC852ADE6882006F1C46 /* SettingsView.swift */ = {isa = PBXFileReference; lastKnownFileType = sourcecode.swift; path = SettingsView.swift; sourceTree = "<group>"; };
		3F16A9FE2ADD3C630097B3A8 /* Date+Extensions.swift */ = {isa = PBXFileReference; lastKnownFileType = sourcecode.swift; path = "Date+Extensions.swift"; sourceTree = "<group>"; };
		3F16AA002ADD3CD40097B3A8 /* ChartView.swift */ = {isa = PBXFileReference; lastKnownFileType = sourcecode.swift; path = ChartView.swift; sourceTree = "<group>"; };
		3F2392842AB1D3080099EC3D /* Double+Extensions.swift */ = {isa = PBXFileReference; lastKnownFileType = sourcecode.swift; path = "Double+Extensions.swift"; sourceTree = "<group>"; };
		3F2DB99D2ADBB4FF008852D0 /* CoinDetail.swift */ = {isa = PBXFileReference; lastKnownFileType = sourcecode.swift; path = CoinDetail.swift; sourceTree = "<group>"; };
		3F2DB99F2ADBB635008852D0 /* String+Extensions.swift */ = {isa = PBXFileReference; lastKnownFileType = sourcecode.swift; path = "String+Extensions.swift"; sourceTree = "<group>"; };
		3F2DB9A32ADBB90C008852D0 /* DetailViewModel.swift */ = {isa = PBXFileReference; lastKnownFileType = sourcecode.swift; path = DetailViewModel.swift; sourceTree = "<group>"; };
		3F416CDD2AD57C4B00A76236 /* PortfolioView.swift */ = {isa = PBXFileReference; lastKnownFileType = sourcecode.swift; path = PortfolioView.swift; sourceTree = "<group>"; };
		3F416CDF2AD57D5600A76236 /* XMarkButtonView.swift */ = {isa = PBXFileReference; lastKnownFileType = sourcecode.swift; path = XMarkButtonView.swift; sourceTree = "<group>"; };
		3F416CE42AD586C000A76236 /* PortfolioCoinItemView.swift */ = {isa = PBXFileReference; lastKnownFileType = sourcecode.swift; path = PortfolioCoinItemView.swift; sourceTree = "<group>"; };
		3F54A1B92ADA6B29005337E9 /* DetailView.swift */ = {isa = PBXFileReference; lastKnownFileType = sourcecode.swift; path = DetailView.swift; sourceTree = "<group>"; };
		3F552EEE2AD5221D00AC9200 /* Statistic.swift */ = {isa = PBXFileReference; lastKnownFileType = sourcecode.swift; path = Statistic.swift; sourceTree = "<group>"; };
		3F552EF02AD5251500AC9200 /* StatisticView.swift */ = {isa = PBXFileReference; lastKnownFileType = sourcecode.swift; path = StatisticView.swift; sourceTree = "<group>"; };
		3F552EF32AD52BEE00AC9200 /* HomeStatsView.swift */ = {isa = PBXFileReference; lastKnownFileType = sourcecode.swift; path = HomeStatsView.swift; sourceTree = "<group>"; };
		3F552EF52AD54E1100AC9200 /* MarketData.swift */ = {isa = PBXFileReference; lastKnownFileType = sourcecode.swift; path = MarketData.swift; sourceTree = "<group>"; };
		3F5D2B6A2AB0621D004E69B9 /* HomeView.swift */ = {isa = PBXFileReference; lastKnownFileType = sourcecode.swift; path = HomeView.swift; sourceTree = "<group>"; };
		3F5D2B6E2AB06881004E69B9 /* CircleButtonView.swift */ = {isa = PBXFileReference; lastKnownFileType = sourcecode.swift; path = CircleButtonView.swift; sourceTree = "<group>"; };
		3F5D2B702AB071DF004E69B9 /* CircleButtonAnimationView.swift */ = {isa = PBXFileReference; lastKnownFileType = sourcecode.swift; path = CircleButtonAnimationView.swift; sourceTree = "<group>"; };
		3F5D2B732AB08BF5004E69B9 /* Coin.swift */ = {isa = PBXFileReference; lastKnownFileType = sourcecode.swift; path = Coin.swift; sourceTree = "<group>"; };
		3F5D2B762AB092EE004E69B9 /* CoinRowView.swift */ = {isa = PBXFileReference; lastKnownFileType = sourcecode.swift; path = CoinRowView.swift; sourceTree = "<group>"; };
		3F5D2B782AB09311004E69B9 /* PreviewProvider+Extensions.swift */ = {isa = PBXFileReference; lastKnownFileType = sourcecode.swift; path = "PreviewProvider+Extensions.swift"; sourceTree = "<group>"; };
		3F67D3072ACD4B88003EAFCD /* NetworkManager.swift */ = {isa = PBXFileReference; lastKnownFileType = sourcecode.swift; path = NetworkManager.swift; sourceTree = "<group>"; };
		3F77F8502ACE9CC700D06843 /* CoinImageView.swift */ = {isa = PBXFileReference; lastKnownFileType = sourcecode.swift; path = CoinImageView.swift; sourceTree = "<group>"; };
		3F77F8522ACE9EC700D06843 /* CoinImageService.swift */ = {isa = PBXFileReference; lastKnownFileType = sourcecode.swift; path = CoinImageService.swift; sourceTree = "<group>"; };
		3F77F8542ACEA50F00D06843 /* CoinImageViewModel.swift */ = {isa = PBXFileReference; lastKnownFileType = sourcecode.swift; path = CoinImageViewModel.swift; sourceTree = "<group>"; };
		3FA13FBD2AD13D480015148D /* LocaleFileManager.swift */ = {isa = PBXFileReference; lastKnownFileType = sourcecode.swift; path = LocaleFileManager.swift; sourceTree = "<group>"; };
		3FC1E9BB2B57CB8C00AB9D73 /* ApiService.swift */ = {isa = PBXFileReference; lastKnownFileType = sourcecode.swift; path = ApiService.swift; sourceTree = "<group>"; };
		3FC1E9BD2B57D0F700AB9D73 /* Info.plist */ = {isa = PBXFileReference; lastKnownFileType = text.plist; path = Info.plist; sourceTree = "<group>"; };
		3FC2C1062AAF4C700072DC76 /* CryptoApp.app */ = {isa = PBXFileReference; explicitFileType = wrapper.application; includeInIndex = 0; path = CryptoApp.app; sourceTree = BUILT_PRODUCTS_DIR; };
		3FC2C1092AAF4C700072DC76 /* CryptoAppApp.swift */ = {isa = PBXFileReference; lastKnownFileType = sourcecode.swift; path = CryptoAppApp.swift; sourceTree = "<group>"; };
		3FC2C10D2AAF4C740072DC76 /* Assets.xcassets */ = {isa = PBXFileReference; lastKnownFileType = folder.assetcatalog; path = Assets.xcassets; sourceTree = "<group>"; };
		3FC2C1102AAF4C740072DC76 /* Preview Assets.xcassets */ = {isa = PBXFileReference; lastKnownFileType = folder.assetcatalog; path = "Preview Assets.xcassets"; sourceTree = "<group>"; };
		3FC2C1182AAF54C40072DC76 /* Color+Extensions.swift */ = {isa = PBXFileReference; lastKnownFileType = sourcecode.swift; path = "Color+Extensions.swift"; sourceTree = "<group>"; };
		3FC49D612AD7D9CA00B1C6C8 /* PortfolioContainer.xcdatamodel */ = {isa = PBXFileReference; lastKnownFileType = wrapper.xcdatamodel; path = PortfolioContainer.xcdatamodel; sourceTree = "<group>"; };
		3FC49D632AD7D9FF00B1C6C8 /* PortfolioDataService.swift */ = {isa = PBXFileReference; lastKnownFileType = sourcecode.swift; path = PortfolioDataService.swift; sourceTree = "<group>"; };
		3FD141392AB34BA30055916F /* HomeViewModel.swift */ = {isa = PBXFileReference; lastKnownFileType = sourcecode.swift; path = HomeViewModel.swift; sourceTree = "<group>"; };
		3FE52A972AD3CE9500A94A9D /* SearchBarView.swift */ = {isa = PBXFileReference; lastKnownFileType = sourcecode.swift; path = SearchBarView.swift; sourceTree = "<group>"; };
		3FE52A992AD3E0B200A94A9D /* UIApplication+Extensions.swift */ = {isa = PBXFileReference; lastKnownFileType = sourcecode.swift; path = "UIApplication+Extensions.swift"; sourceTree = "<group>"; };
/* End PBXFileReference section */

/* Begin PBXFrameworksBuildPhase section */
		3FC2C1032AAF4C700072DC76 /* Frameworks */ = {
			isa = PBXFrameworksBuildPhase;
			buildActionMask = 2147483647;
			files = (
			);
			runOnlyForDeploymentPostprocessing = 0;
		};
/* End PBXFrameworksBuildPhase section */

/* Begin PBXGroup section */
		3F10CC842ADE686A006F1C46 /* Settings */ = {
			isa = PBXGroup;
			children = (
				3F10CC852ADE6882006F1C46 /* SettingsView.swift */,
			);
			path = Settings;
			sourceTree = "<group>";
		};
		3F20B6BC2ACBDE6E00EEF88A /* Services */ = {
			isa = PBXGroup;
			children = (
				3F77F8522ACE9EC700D06843 /* CoinImageService.swift */,
				3FC49D632AD7D9FF00B1C6C8 /* PortfolioDataService.swift */,
				3FC1E9BB2B57CB8C00AB9D73 /* ApiService.swift */,
			);
			path = Services;
			sourceTree = "<group>";
		};
		3F416CE12AD5868000A76236 /* Portfolio */ = {
			isa = PBXGroup;
			children = (
				3F416CE32AD5869F00A76236 /* Components */,
				3F416CDD2AD57C4B00A76236 /* PortfolioView.swift */,
			);
			path = Portfolio;
			sourceTree = "<group>";
		};
		3F416CE32AD5869F00A76236 /* Components */ = {
			isa = PBXGroup;
			children = (
				3F416CE42AD586C000A76236 /* PortfolioCoinItemView.swift */,
			);
			path = Components;
			sourceTree = "<group>";
		};
		3F54A1B82ADA6B05005337E9 /* Detail */ = {
			isa = PBXGroup;
			children = (
				3F54A1B92ADA6B29005337E9 /* DetailView.swift */,
				3F2DB9A32ADBB90C008852D0 /* DetailViewModel.swift */,
			);
			path = Detail;
			sourceTree = "<group>";
		};
		3F552EF22AD52BBC00AC9200 /* Components */ = {
			isa = PBXGroup;
			children = (
				3F552EF32AD52BEE00AC9200 /* HomeStatsView.swift */,
			);
			path = Components;
			sourceTree = "<group>";
		};
		3F5D2B662AB061DE004E69B9 /* Core */ = {
			isa = PBXGroup;
			children = (
				3F5D2B6C2AB064E8004E69B9 /* Components */,
				3F5D2B672AB061ED004E69B9 /* Home */,
				3F416CE12AD5868000A76236 /* Portfolio */,
				3F54A1B82ADA6B05005337E9 /* Detail */,
				3F10CC842ADE686A006F1C46 /* Settings */,
			);
			path = Core;
			sourceTree = "<group>";
		};
		3F5D2B672AB061ED004E69B9 /* Home */ = {
			isa = PBXGroup;
			children = (
				3F552EF22AD52BBC00AC9200 /* Components */,
				3FD141392AB34BA30055916F /* HomeViewModel.swift */,
				3F5D2B6A2AB0621D004E69B9 /* HomeView.swift */,
			);
			path = Home;
			sourceTree = "<group>";
		};
		3F5D2B6C2AB064E8004E69B9 /* Components */ = {
			isa = PBXGroup;
			children = (
				3F5D2B6D2AB064EE004E69B9 /* CircleButton */,
				3F77F84F2ACE9CAE00D06843 /* CoinImage */,
				3FE52A972AD3CE9500A94A9D /* SearchBarView.swift */,
				3F5D2B762AB092EE004E69B9 /* CoinRowView.swift */,
				3F552EF02AD5251500AC9200 /* StatisticView.swift */,
				3F416CDF2AD57D5600A76236 /* XMarkButtonView.swift */,
				3F16AA002ADD3CD40097B3A8 /* ChartView.swift */,
			);
			path = Components;
			sourceTree = "<group>";
		};
		3F5D2B6D2AB064EE004E69B9 /* CircleButton */ = {
			isa = PBXGroup;
			children = (
				3F5D2B6E2AB06881004E69B9 /* CircleButtonView.swift */,
				3F5D2B702AB071DF004E69B9 /* CircleButtonAnimationView.swift */,
			);
			path = CircleButton;
			sourceTree = "<group>";
		};
		3F5D2B722AB08BDD004E69B9 /* Models */ = {
			isa = PBXGroup;
			children = (
				3F5D2B732AB08BF5004E69B9 /* Coin.swift */,
				3F552EEE2AD5221D00AC9200 /* Statistic.swift */,
				3F552EF52AD54E1100AC9200 /* MarketData.swift */,
				3F2DB99D2ADBB4FF008852D0 /* CoinDetail.swift */,
				3FC49D602AD7D9CA00B1C6C8 /* PortfolioContainer.xcdatamodeld */,
			);
			path = Models;
			sourceTree = "<group>";
		};
		3F67D3062ACD4B6E003EAFCD /* Utilities */ = {
			isa = PBXGroup;
			children = (
				3F67D3072ACD4B88003EAFCD /* NetworkManager.swift */,
				3FA13FBD2AD13D480015148D /* LocaleFileManager.swift */,
			);
			path = Utilities;
			sourceTree = "<group>";
		};
		3F77F84F2ACE9CAE00D06843 /* CoinImage */ = {
			isa = PBXGroup;
			children = (
				3F77F8502ACE9CC700D06843 /* CoinImageView.swift */,
				3F77F8542ACEA50F00D06843 /* CoinImageViewModel.swift */,
			);
			path = CoinImage;
			sourceTree = "<group>";
		};
		3FC2C0FD2AAF4C700072DC76 = {
			isa = PBXGroup;
			children = (
				3FC2C1082AAF4C700072DC76 /* CryptoApp */,
				3FC2C1072AAF4C700072DC76 /* Products */,
			);
			sourceTree = "<group>";
		};
		3FC2C1072AAF4C700072DC76 /* Products */ = {
			isa = PBXGroup;
			children = (
				3FC2C1062AAF4C700072DC76 /* CryptoApp.app */,
			);
			name = Products;
			sourceTree = "<group>";
		};
		3FC2C1082AAF4C700072DC76 /* CryptoApp */ = {
			isa = PBXGroup;
			children = (
				3FC1E9BD2B57D0F700AB9D73 /* Info.plist */,
				3F67D3062ACD4B6E003EAFCD /* Utilities */,
				3FC2C1172AAF54800072DC76 /* Extensions */,
				3F20B6BC2ACBDE6E00EEF88A /* Services */,
				3F5D2B722AB08BDD004E69B9 /* Models */,
				3F5D2B662AB061DE004E69B9 /* Core */,
				3FC2C1092AAF4C700072DC76 /* CryptoAppApp.swift */,
				3FC2C10D2AAF4C740072DC76 /* Assets.xcassets */,
				3FC2C10F2AAF4C740072DC76 /* Preview Content */,
			);
			path = CryptoApp;
			sourceTree = "<group>";
		};
		3FC2C10F2AAF4C740072DC76 /* Preview Content */ = {
			isa = PBXGroup;
			children = (
				3FC2C1102AAF4C740072DC76 /* Preview Assets.xcassets */,
			);
			path = "Preview Content";
			sourceTree = "<group>";
		};
		3FC2C1172AAF54800072DC76 /* Extensions */ = {
			isa = PBXGroup;
			children = (
				3FC2C1182AAF54C40072DC76 /* Color+Extensions.swift */,
				3F5D2B782AB09311004E69B9 /* PreviewProvider+Extensions.swift */,
				3F2392842AB1D3080099EC3D /* Double+Extensions.swift */,
				3FE52A992AD3E0B200A94A9D /* UIApplication+Extensions.swift */,
				3F2DB99F2ADBB635008852D0 /* String+Extensions.swift */,
				3F16A9FE2ADD3C630097B3A8 /* Date+Extensions.swift */,
			);
			path = Extensions;
			sourceTree = "<group>";
		};
/* End PBXGroup section */

/* Begin PBXNativeTarget section */
		3FC2C1052AAF4C700072DC76 /* CryptoApp */ = {
			isa = PBXNativeTarget;
			buildConfigurationList = 3FC2C1142AAF4C740072DC76 /* Build configuration list for PBXNativeTarget "CryptoApp" */;
			buildPhases = (
				3FC2C1022AAF4C700072DC76 /* Sources */,
				3FC2C1032AAF4C700072DC76 /* Frameworks */,
				3FC2C1042AAF4C700072DC76 /* Resources */,
			);
			buildRules = (
			);
			dependencies = (
			);
			name = CryptoApp;
			productName = CryptoApp;
			productReference = 3FC2C1062AAF4C700072DC76 /* CryptoApp.app */;
			productType = "com.apple.product-type.application";
		};
/* End PBXNativeTarget section */

/* Begin PBXProject section */
		3FC2C0FE2AAF4C700072DC76 /* Project object */ = {
			isa = PBXProject;
			attributes = {
				BuildIndependentTargetsInParallel = 1;
				LastSwiftUpdateCheck = 1420;
				LastUpgradeCheck = 1420;
				TargetAttributes = {
					3FC2C1052AAF4C700072DC76 = {
						CreatedOnToolsVersion = 14.2;
					};
				};
			};
			buildConfigurationList = 3FC2C1012AAF4C700072DC76 /* Build configuration list for PBXProject "CryptoApp" */;
			compatibilityVersion = "Xcode 14.0";
			developmentRegion = en;
			hasScannedForEncodings = 0;
			knownRegions = (
				en,
				Base,
			);
			mainGroup = 3FC2C0FD2AAF4C700072DC76;
			productRefGroup = 3FC2C1072AAF4C700072DC76 /* Products */;
			projectDirPath = "";
			projectRoot = "";
			targets = (
				3FC2C1052AAF4C700072DC76 /* CryptoApp */,
			);
		};
/* End PBXProject section */

/* Begin PBXResourcesBuildPhase section */
		3FC2C1042AAF4C700072DC76 /* Resources */ = {
			isa = PBXResourcesBuildPhase;
			buildActionMask = 2147483647;
			files = (
				3FC2C1112AAF4C740072DC76 /* Preview Assets.xcassets in Resources */,
				3FC2C10E2AAF4C740072DC76 /* Assets.xcassets in Resources */,
			);
			runOnlyForDeploymentPostprocessing = 0;
		};
/* End PBXResourcesBuildPhase section */

/* Begin PBXSourcesBuildPhase section */
		3FC2C1022AAF4C700072DC76 /* Sources */ = {
			isa = PBXSourcesBuildPhase;
			buildActionMask = 2147483647;
			files = (
				3FC49D622AD7D9CA00B1C6C8 /* PortfolioContainer.xcdatamodeld in Sources */,
				3FE52A9A2AD3E0B200A94A9D /* UIApplication+Extensions.swift in Sources */,
				3F2DB9A02ADBB635008852D0 /* String+Extensions.swift in Sources */,
				3F552EF62AD54E1100AC9200 /* MarketData.swift in Sources */,
				3F5D2B742AB08BF5004E69B9 /* Coin.swift in Sources */,
				3F67D3082ACD4B88003EAFCD /* NetworkManager.swift in Sources */,
				3F5D2B6B2AB0621D004E69B9 /* HomeView.swift in Sources */,
				3F77F8512ACE9CC800D06843 /* CoinImageView.swift in Sources */,
				3F552EF12AD5251500AC9200 /* StatisticView.swift in Sources */,
				3FC2C10A2AAF4C700072DC76 /* CryptoAppApp.swift in Sources */,
				3FD1413A2AB34BA30055916F /* HomeViewModel.swift in Sources */,
				3F2DB99E2ADBB4FF008852D0 /* CoinDetail.swift in Sources */,
				3F2392852AB1D3080099EC3D /* Double+Extensions.swift in Sources */,
				3F54A1BA2ADA6B29005337E9 /* DetailView.swift in Sources */,
				3F5D2B712AB071DF004E69B9 /* CircleButtonAnimationView.swift in Sources */,
				3F2DB9A42ADBB90C008852D0 /* DetailViewModel.swift in Sources */,
				3FE52A982AD3CE9500A94A9D /* SearchBarView.swift in Sources */,
				3F5D2B6F2AB06881004E69B9 /* CircleButtonView.swift in Sources */,
				3F77F8552ACEA50F00D06843 /* CoinImageViewModel.swift in Sources */,
				3F416CE02AD57D5600A76236 /* XMarkButtonView.swift in Sources */,
				3F10CC862ADE6882006F1C46 /* SettingsView.swift in Sources */,
				3F552EF42AD52BEE00AC9200 /* HomeStatsView.swift in Sources */,
				3F16AA012ADD3CD40097B3A8 /* ChartView.swift in Sources */,
				3F16A9FF2ADD3C630097B3A8 /* Date+Extensions.swift in Sources */,
				3F416CE52AD586C000A76236 /* PortfolioCoinItemView.swift in Sources */,
				3F5D2B772AB092EE004E69B9 /* CoinRowView.swift in Sources */,
				3F5D2B792AB09311004E69B9 /* PreviewProvider+Extensions.swift in Sources */,
				3F77F8532ACE9EC700D06843 /* CoinImageService.swift in Sources */,
				3F416CDE2AD57C4B00A76236 /* PortfolioView.swift in Sources */,
				3FC1E9BC2B57CB8C00AB9D73 /* ApiService.swift in Sources */,
				3FC2C1192AAF54C40072DC76 /* Color+Extensions.swift in Sources */,
				3F552EEF2AD5221D00AC9200 /* Statistic.swift in Sources */,
				3FA13FBE2AD13D480015148D /* LocaleFileManager.swift in Sources */,
				3FC49D642AD7D9FF00B1C6C8 /* PortfolioDataService.swift in Sources */,
			);
			runOnlyForDeploymentPostprocessing = 0;
		};
/* End PBXSourcesBuildPhase section */

/* Begin XCBuildConfiguration section */
		3FC2C1122AAF4C740072DC76 /* Debug */ = {
			isa = XCBuildConfiguration;
			buildSettings = {
				ALWAYS_SEARCH_USER_PATHS = NO;
				CLANG_ANALYZER_NONNULL = YES;
				CLANG_ANALYZER_NUMBER_OBJECT_CONVERSION = YES_AGGRESSIVE;
				CLANG_CXX_LANGUAGE_STANDARD = "gnu++20";
				CLANG_ENABLE_MODULES = YES;
				CLANG_ENABLE_OBJC_ARC = YES;
				CLANG_ENABLE_OBJC_WEAK = YES;
				CLANG_WARN_BLOCK_CAPTURE_AUTORELEASING = YES;
				CLANG_WARN_BOOL_CONVERSION = YES;
				CLANG_WARN_COMMA = YES;
				CLANG_WARN_CONSTANT_CONVERSION = YES;
				CLANG_WARN_DEPRECATED_OBJC_IMPLEMENTATIONS = YES;
				CLANG_WARN_DIRECT_OBJC_ISA_USAGE = YES_ERROR;
				CLANG_WARN_DOCUMENTATION_COMMENTS = YES;
				CLANG_WARN_EMPTY_BODY = YES;
				CLANG_WARN_ENUM_CONVERSION = YES;
				CLANG_WARN_INFINITE_RECURSION = YES;
				CLANG_WARN_INT_CONVERSION = YES;
				CLANG_WARN_NON_LITERAL_NULL_CONVERSION = YES;
				CLANG_WARN_OBJC_IMPLICIT_RETAIN_SELF = YES;
				CLANG_WARN_OBJC_LITERAL_CONVERSION = YES;
				CLANG_WARN_OBJC_ROOT_CLASS = YES_ERROR;
				CLANG_WARN_QUOTED_INCLUDE_IN_FRAMEWORK_HEADER = YES;
				CLANG_WARN_RANGE_LOOP_ANALYSIS = YES;
				CLANG_WARN_STRICT_PROTOTYPES = YES;
				CLANG_WARN_SUSPICIOUS_MOVE = YES;
				CLANG_WARN_UNGUARDED_AVAILABILITY = YES_AGGRESSIVE;
				CLANG_WARN_UNREACHABLE_CODE = YES;
				CLANG_WARN__DUPLICATE_METHOD_MATCH = YES;
				COPY_PHASE_STRIP = NO;
				DEBUG_INFORMATION_FORMAT = dwarf;
				ENABLE_STRICT_OBJC_MSGSEND = YES;
				ENABLE_TESTABILITY = YES;
				GCC_C_LANGUAGE_STANDARD = gnu11;
				GCC_DYNAMIC_NO_PIC = NO;
				GCC_NO_COMMON_BLOCKS = YES;
				GCC_OPTIMIZATION_LEVEL = 0;
				GCC_PREPROCESSOR_DEFINITIONS = (
					"DEBUG=1",
					"$(inherited)",
				);
				GCC_WARN_64_TO_32_BIT_CONVERSION = YES;
				GCC_WARN_ABOUT_RETURN_TYPE = YES_ERROR;
				GCC_WARN_UNDECLARED_SELECTOR = YES;
				GCC_WARN_UNINITIALIZED_AUTOS = YES_AGGRESSIVE;
				GCC_WARN_UNUSED_FUNCTION = YES;
				GCC_WARN_UNUSED_VARIABLE = YES;
				IPHONEOS_DEPLOYMENT_TARGET = 16.2;
				MTL_ENABLE_DEBUG_INFO = INCLUDE_SOURCE;
				MTL_FAST_MATH = YES;
				ONLY_ACTIVE_ARCH = YES;
				SDKROOT = iphoneos;
				SWIFT_ACTIVE_COMPILATION_CONDITIONS = DEBUG;
				SWIFT_OPTIMIZATION_LEVEL = "-Onone";
			};
			name = Debug;
		};
		3FC2C1132AAF4C740072DC76 /* Release */ = {
			isa = XCBuildConfiguration;
			buildSettings = {
				ALWAYS_SEARCH_USER_PATHS = NO;
				CLANG_ANALYZER_NONNULL = YES;
				CLANG_ANALYZER_NUMBER_OBJECT_CONVERSION = YES_AGGRESSIVE;
				CLANG_CXX_LANGUAGE_STANDARD = "gnu++20";
				CLANG_ENABLE_MODULES = YES;
				CLANG_ENABLE_OBJC_ARC = YES;
				CLANG_ENABLE_OBJC_WEAK = YES;
				CLANG_WARN_BLOCK_CAPTURE_AUTORELEASING = YES;
				CLANG_WARN_BOOL_CONVERSION = YES;
				CLANG_WARN_COMMA = YES;
				CLANG_WARN_CONSTANT_CONVERSION = YES;
				CLANG_WARN_DEPRECATED_OBJC_IMPLEMENTATIONS = YES;
				CLANG_WARN_DIRECT_OBJC_ISA_USAGE = YES_ERROR;
				CLANG_WARN_DOCUMENTATION_COMMENTS = YES;
				CLANG_WARN_EMPTY_BODY = YES;
				CLANG_WARN_ENUM_CONVERSION = YES;
				CLANG_WARN_INFINITE_RECURSION = YES;
				CLANG_WARN_INT_CONVERSION = YES;
				CLANG_WARN_NON_LITERAL_NULL_CONVERSION = YES;
				CLANG_WARN_OBJC_IMPLICIT_RETAIN_SELF = YES;
				CLANG_WARN_OBJC_LITERAL_CONVERSION = YES;
				CLANG_WARN_OBJC_ROOT_CLASS = YES_ERROR;
				CLANG_WARN_QUOTED_INCLUDE_IN_FRAMEWORK_HEADER = YES;
				CLANG_WARN_RANGE_LOOP_ANALYSIS = YES;
				CLANG_WARN_STRICT_PROTOTYPES = YES;
				CLANG_WARN_SUSPICIOUS_MOVE = YES;
				CLANG_WARN_UNGUARDED_AVAILABILITY = YES_AGGRESSIVE;
				CLANG_WARN_UNREACHABLE_CODE = YES;
				CLANG_WARN__DUPLICATE_METHOD_MATCH = YES;
				COPY_PHASE_STRIP = NO;
				DEBUG_INFORMATION_FORMAT = "dwarf-with-dsym";
				ENABLE_NS_ASSERTIONS = NO;
				ENABLE_STRICT_OBJC_MSGSEND = YES;
				GCC_C_LANGUAGE_STANDARD = gnu11;
				GCC_NO_COMMON_BLOCKS = YES;
				GCC_WARN_64_TO_32_BIT_CONVERSION = YES;
				GCC_WARN_ABOUT_RETURN_TYPE = YES_ERROR;
				GCC_WARN_UNDECLARED_SELECTOR = YES;
				GCC_WARN_UNINITIALIZED_AUTOS = YES_AGGRESSIVE;
				GCC_WARN_UNUSED_FUNCTION = YES;
				GCC_WARN_UNUSED_VARIABLE = YES;
				IPHONEOS_DEPLOYMENT_TARGET = 16.2;
				MTL_ENABLE_DEBUG_INFO = NO;
				MTL_FAST_MATH = YES;
				SDKROOT = iphoneos;
				SWIFT_COMPILATION_MODE = wholemodule;
				SWIFT_OPTIMIZATION_LEVEL = "-O";
				VALIDATE_PRODUCT = YES;
			};
			name = Release;
		};
		3FC2C1152AAF4C740072DC76 /* Debug */ = {
			isa = XCBuildConfiguration;
			buildSettings = {
				ASSETCATALOG_COMPILER_APPICON_NAME = AppIcon;
				ASSETCATALOG_COMPILER_GLOBAL_ACCENT_COLOR_NAME = AccentColor;
				CODE_SIGN_STYLE = Automatic;
				CURRENT_PROJECT_VERSION = 1;
				DEVELOPMENT_ASSET_PATHS = "\"CryptoApp/Preview Content\"";
				DEVELOPMENT_TEAM = 7YZ28BX3VS;
				ENABLE_PREVIEWS = YES;
				GENERATE_INFOPLIST_FILE = YES;
				INFOPLIST_FILE = CryptoApp/Info.plist;
				INFOPLIST_KEY_UIApplicationSupportsIndirectInputEvents = YES;
				INFOPLIST_KEY_UILaunchScreen_Generation = YES;
				INFOPLIST_KEY_UISupportedInterfaceOrientations = UIInterfaceOrientationPortrait;
				INFOPLIST_KEY_UISupportedInterfaceOrientations_iPad = "UIInterfaceOrientationLandscapeLeft UIInterfaceOrientationLandscapeRight UIInterfaceOrientationPortrait UIInterfaceOrientationPortraitUpsideDown";
				IPHONEOS_DEPLOYMENT_TARGET = 15.0;
				LD_RUNPATH_SEARCH_PATHS = (
					"$(inherited)",
					"@executable_path/Frameworks",
				);
				MARKETING_VERSION = 1.0;
				PRODUCT_BUNDLE_IDENTIFIER = ru.aesergeev.CryptoApp;
				PRODUCT_NAME = "$(TARGET_NAME)";
				SUPPORTED_PLATFORMS = "iphoneos iphonesimulator";
				SUPPORTS_MACCATALYST = NO;
				SUPPORTS_MAC_DESIGNED_FOR_IPHONE_IPAD = NO;
				SWIFT_EMIT_LOC_STRINGS = YES;
				SWIFT_VERSION = 5.0;
				TARGETED_DEVICE_FAMILY = 1;
			};
			name = Debug;
		};
		3FC2C1162AAF4C740072DC76 /* Release */ = {
			isa = XCBuildConfiguration;
			buildSettings = {
				ASSETCATALOG_COMPILER_APPICON_NAME = AppIcon;
				ASSETCATALOG_COMPILER_GLOBAL_ACCENT_COLOR_NAME = AccentColor;
				CODE_SIGN_STYLE = Automatic;
				CURRENT_PROJECT_VERSION = 1;
				DEVELOPMENT_ASSET_PATHS = "\"CryptoApp/Preview Content\"";
				DEVELOPMENT_TEAM = 7YZ28BX3VS;
				ENABLE_PREVIEWS = YES;
				GENERATE_INFOPLIST_FILE = YES;
				INFOPLIST_FILE = CryptoApp/Info.plist;
				INFOPLIST_KEY_UIApplicationSupportsIndirectInputEvents = YES;
				INFOPLIST_KEY_UILaunchScreen_Generation = YES;
				INFOPLIST_KEY_UISupportedInterfaceOrientations = UIInterfaceOrientationPortrait;
				INFOPLIST_KEY_UISupportedInterfaceOrientations_iPad = "UIInterfaceOrientationLandscapeLeft UIInterfaceOrientationLandscapeRight UIInterfaceOrientationPortrait UIInterfaceOrientationPortraitUpsideDown";
				IPHONEOS_DEPLOYMENT_TARGET = 15.0;
				LD_RUNPATH_SEARCH_PATHS = (
					"$(inherited)",
					"@executable_path/Frameworks",
				);
				MARKETING_VERSION = 1.0;
				PRODUCT_BUNDLE_IDENTIFIER = ru.aesergeev.CryptoApp;
				PRODUCT_NAME = "$(TARGET_NAME)";
				SUPPORTED_PLATFORMS = "iphoneos iphonesimulator";
				SUPPORTS_MACCATALYST = NO;
				SUPPORTS_MAC_DESIGNED_FOR_IPHONE_IPAD = NO;
				SWIFT_EMIT_LOC_STRINGS = YES;
				SWIFT_VERSION = 5.0;
				TARGETED_DEVICE_FAMILY = 1;
			};
			name = Release;
		};
/* End XCBuildConfiguration section */

/* Begin XCConfigurationList section */
		3FC2C1012AAF4C700072DC76 /* Build configuration list for PBXProject "CryptoApp" */ = {
			isa = XCConfigurationList;
			buildConfigurations = (
				3FC2C1122AAF4C740072DC76 /* Debug */,
				3FC2C1132AAF4C740072DC76 /* Release */,
			);
			defaultConfigurationIsVisible = 0;
			defaultConfigurationName = Release;
		};
		3FC2C1142AAF4C740072DC76 /* Build configuration list for PBXNativeTarget "CryptoApp" */ = {
			isa = XCConfigurationList;
			buildConfigurations = (
				3FC2C1152AAF4C740072DC76 /* Debug */,
				3FC2C1162AAF4C740072DC76 /* Release */,
			);
			defaultConfigurationIsVisible = 0;
			defaultConfigurationName = Release;
		};
/* End XCConfigurationList section */

/* Begin XCVersionGroup section */
		3FC49D602AD7D9CA00B1C6C8 /* PortfolioContainer.xcdatamodeld */ = {
			isa = XCVersionGroup;
			children = (
				3FC49D612AD7D9CA00B1C6C8 /* PortfolioContainer.xcdatamodel */,
			);
			currentVersion = 3FC49D612AD7D9CA00B1C6C8 /* PortfolioContainer.xcdatamodel */;
			path = PortfolioContainer.xcdatamodeld;
			sourceTree = "<group>";
			versionGroupType = wrapper.xcdatamodel;
		};
/* End XCVersionGroup section */
	};
	rootObject = 3FC2C0FE2AAF4C700072DC76 /* Project object */;
}
